
Microsoft Visual Studio Solution File, Format Version 12.00
# Visual Studio 15
VisualStudioVersion = 15.0.26730.15
MinimumVisualStudioVersion = 10.0.40219.1
Project("{8BC9CEB8-8B4A-11D0-8D11-00A0C91BC942}") = "Missile", "Missile\Missile.vcxproj", "{3AFBCDC2-DE88-46AB-88E6-ADB0BA71AE06}"
EndProject
Project("{8BC9CEB8-8B4A-11D0-8D11-00A0C91BC942}") = "Multiply", "Multiply\Multiply.vcxproj", "{82FFF55B-794C-43EF-A276-5DA630CFE226}"
EndProject
Project("{8BC9CEB8-8B4A-11D0-8D11-00A0C91BC942}") = "Guardian", "Guardian\Guardian.vcxproj", "{27CB9E5E-6DEC-4F1A-ABEC-EC9547839B48}"
EndProject
Project("{8BC9CEB8-8B4A-11D0-8D11-00A0C91BC942}") = "Bird", "Bird\Bird.vcxproj", "{0182425A-0BD3-4694-9565-AD12EEE29F5B}"
EndProject
Project("{8BC9CEB8-8B4A-11D0-8D11-00A0C91BC942}") = "book", "book\book\book.vcxproj", "{E6235D70-CFF1-4D8E-87BB-005658199F5D}"
EndProject
Project("{8BC9CEB8-8B4A-11D0-8D11-00A0C91BC942}") = "chorus", "chorus\chorus.vcxproj", "{06A9DC10-B1B7-4B1E-A1E6-08627E931671}"
EndProject
Global
	GlobalSection(SolutionConfigurationPlatforms) = preSolution
		Debug|x64 = Debug|x64
		Debug|x86 = Debug|x86
		Release|x64 = Release|x64
		Release|x86 = Release|x86
	EndGlobalSection
	GlobalSection(ProjectConfigurationPlatforms) = postSolution
		{3AFBCDC2-DE88-46AB-88E6-ADB0BA71AE06}.Debug|x64.ActiveCfg = Debug|x64
		{3AFBCDC2-DE88-46AB-88E6-ADB0BA71AE06}.Debug|x64.Build.0 = Debug|x64
		{3AFBCDC2-DE88-46AB-88E6-ADB0BA71AE06}.Debug|x86.ActiveCfg = Debug|Win32
		{3AFBCDC2-DE88-46AB-88E6-ADB0BA71AE06}.Debug|x86.Build.0 = Debug|Win32
		{3AFBCDC2-DE88-46AB-88E6-ADB0BA71AE06}.Release|x64.ActiveCfg = Release|x64
		{3AFBCDC2-DE88-46AB-88E6-ADB0BA71AE06}.Release|x64.Build.0 = Release|x64
		{3AFBCDC2-DE88-46AB-88E6-ADB0BA71AE06}.Release|x86.ActiveCfg = Release|Win32
		{3AFBCDC2-DE88-46AB-88E6-ADB0BA71AE06}.Release|x86.Build.0 = Release|Win32
		{82FFF55B-794C-43EF-A276-5DA630CFE226}.Debug|x64.ActiveCfg = Debug|x64
		{82FFF55B-794C-43EF-A276-5DA630CFE226}.Debug|x64.Build.0 = Debug|x64
		{82FFF55B-794C-43EF-A276-5DA630CFE226}.Debug|x86.ActiveCfg = Debug|Win32
		{82FFF55B-794C-43EF-A276-5DA630CFE226}.Debug|x86.Build.0 = Debug|Win32
		{82FFF55B-794C-43EF-A276-5DA630CFE226}.Release|x64.ActiveCfg = Release|x64
		{82FFF55B-794C-43EF-A276-5DA630CFE226}.Release|x64.Build.0 = Release|x64
		{82FFF55B-794C-43EF-A276-5DA630CFE226}.Release|x86.ActiveCfg = Release|Win32
		{82FFF55B-794C-43EF-A276-5DA630CFE226}.Release|x86.Build.0 = Release|Win32
		{27CB9E5E-6DEC-4F1A-ABEC-EC9547839B48}.Debug|x64.ActiveCfg = Debug|x64
		{27CB9E5E-6DEC-4F1A-ABEC-EC9547839B48}.Debug|x64.Build.0 = Debug|x64
		{27CB9E5E-6DEC-4F1A-ABEC-EC9547839B48}.Debug|x86.ActiveCfg = Debug|Win32
		{27CB9E5E-6DEC-4F1A-ABEC-EC9547839B48}.Debug|x86.Build.0 = Debug|Win32
		{27CB9E5E-6DEC-4F1A-ABEC-EC9547839B48}.Release|x64.ActiveCfg = Release|x64
		{27CB9E5E-6DEC-4F1A-ABEC-EC9547839B48}.Release|x64.Build.0 = Release|x64
		{27CB9E5E-6DEC-4F1A-ABEC-EC9547839B48}.Release|x86.ActiveCfg = Release|Win32
		{27CB9E5E-6DEC-4F1A-ABEC-EC9547839B48}.Release|x86.Build.0 = Release|Win32
		{0182425A-0BD3-4694-9565-AD12EEE29F5B}.Debug|x64.ActiveCfg = Debug|x64
		{0182425A-0BD3-4694-9565-AD12EEE29F5B}.Debug|x64.Build.0 = Debug|x64
		{0182425A-0BD3-4694-9565-AD12EEE29F5B}.Debug|x86.ActiveCfg = Debug|Win32
		{0182425A-0BD3-4694-9565-AD12EEE29F5B}.Debug|x86.Build.0 = Debug|Win32
		{0182425A-0BD3-4694-9565-AD12EEE29F5B}.Release|x64.ActiveCfg = Release|x64
		{0182425A-0BD3-4694-9565-AD12EEE29F5B}.Release|x64.Build.0 = Release|x64
		{0182425A-0BD3-4694-9565-AD12EEE29F5B}.Release|x86.ActiveCfg = Release|Win32
		{0182425A-0BD3-4694-9565-AD12EEE29F5B}.Release|x86.Build.0 = Release|Win32
		{E6235D70-CFF1-4D8E-87BB-005658199F5D}.Debug|x64.ActiveCfg = Debug|x64
		{E6235D70-CFF1-4D8E-87BB-005658199F5D}.Debug|x64.Build.0 = Debug|x64
		{E6235D70-CFF1-4D8E-87BB-005658199F5D}.Debug|x86.ActiveCfg = Debug|Win32
		{E6235D70-CFF1-4D8E-87BB-005658199F5D}.Debug|x86.Build.0 = Debug|Win32
		{E6235D70-CFF1-4D8E-87BB-005658199F5D}.Release|x64.ActiveCfg = Release|x64
		{E6235D70-CFF1-4D8E-87BB-005658199F5D}.Release|x64.Build.0 = Release|x64
		{E6235D70-CFF1-4D8E-87BB-005658199F5D}.Release|x86.ActiveCfg = Release|Win32
		{E6235D70-CFF1-4D8E-87BB-005658199F5D}.Release|x86.Build.0 = Release|Win32
		{06A9DC10-B1B7-4B1E-A1E6-08627E931671}.Debug|x64.ActiveCfg = Debug|x64
		{06A9DC10-B1B7-4B1E-A1E6-08627E931671}.Debug|x64.Build.0 = Debug|x64
		{06A9DC10-B1B7-4B1E-A1E6-08627E931671}.Debug|x86.ActiveCfg = Debug|Win32
		{06A9DC10-B1B7-4B1E-A1E6-08627E931671}.Debug|x86.Build.0 = Debug|Win32
		{06A9DC10-B1B7-4B1E-A1E6-08627E931671}.Release|x64.ActiveCfg = Release|x64
		{06A9DC10-B1B7-4B1E-A1E6-08627E931671}.Release|x64.Build.0 = Release|x64
		{06A9DC10-B1B7-4B1E-A1E6-08627E931671}.Release|x86.ActiveCfg = Release|Win32
		{06A9DC10-B1B7-4B1E-A1E6-08627E931671}.Release|x86.Build.0 = Release|Win32
	EndGlobalSection
	GlobalSection(SolutionProperties) = preSolution
		HideSolutionNode = FALSE
	EndGlobalSection
	GlobalSection(ExtensibilityGlobals) = postSolution
		SolutionGuid = {0852E200-6540-43B3-9757-6F5802F1BA4B}
	EndGlobalSection
EndGlobal
