
Microsoft Visual Studio Solution File, Format Version 12.00
# Visual Studio 15
VisualStudioVersion = 15.0.26730.15
MinimumVisualStudioVersion = 10.0.40219.1
Project("{8BC9CEB8-8B4A-11D0-8D11-00A0C91BC942}") = "P1201", "P1201\P1201.vcxproj", "{06B26AD6-9481-483F-8C65-589EABDABF76}"
EndProject
Project("{8BC9CEB8-8B4A-11D0-8D11-00A0C91BC942}") = "P1202", "P1202\P1202.vcxproj", "{EE2F9459-2C0C-4565-AA26-6F7E8E5F950A}"
EndProject
Global
	GlobalSection(SolutionConfigurationPlatforms) = preSolution
		Debug|x64 = Debug|x64
		Debug|x86 = Debug|x86
		Release|x64 = Release|x64
		Release|x86 = Release|x86
	EndGlobalSection
	GlobalSection(ProjectConfigurationPlatforms) = postSolution
		{06B26AD6-9481-483F-8C65-589EABDABF76}.Debug|x64.ActiveCfg = Debug|x64
		{06B26AD6-9481-483F-8C65-589EABDABF76}.Debug|x64.Build.0 = Debug|x64
		{06B26AD6-9481-483F-8C65-589EABDABF76}.Debug|x86.ActiveCfg = Debug|Win32
		{06B26AD6-9481-483F-8C65-589EABDABF76}.Debug|x86.Build.0 = Debug|Win32
		{06B26AD6-9481-483F-8C65-589EABDABF76}.Release|x64.ActiveCfg = Release|x64
		{06B26AD6-9481-483F-8C65-589EABDABF76}.Release|x64.Build.0 = Release|x64
		{06B26AD6-9481-483F-8C65-589EABDABF76}.Release|x86.ActiveCfg = Release|Win32
		{06B26AD6-9481-483F-8C65-589EABDABF76}.Release|x86.Build.0 = Release|Win32
		{EE2F9459-2C0C-4565-AA26-6F7E8E5F950A}.Debug|x64.ActiveCfg = Debug|x64
		{EE2F9459-2C0C-4565-AA26-6F7E8E5F950A}.Debug|x64.Build.0 = Debug|x64
		{EE2F9459-2C0C-4565-AA26-6F7E8E5F950A}.Debug|x86.ActiveCfg = Debug|Win32
		{EE2F9459-2C0C-4565-AA26-6F7E8E5F950A}.Debug|x86.Build.0 = Debug|Win32
		{EE2F9459-2C0C-4565-AA26-6F7E8E5F950A}.Release|x64.ActiveCfg = Release|x64
		{EE2F9459-2C0C-4565-AA26-6F7E8E5F950A}.Release|x64.Build.0 = Release|x64
		{EE2F9459-2C0C-4565-AA26-6F7E8E5F950A}.Release|x86.ActiveCfg = Release|Win32
		{EE2F9459-2C0C-4565-AA26-6F7E8E5F950A}.Release|x86.Build.0 = Release|Win32
	EndGlobalSection
	GlobalSection(SolutionProperties) = preSolution
		HideSolutionNode = FALSE
	EndGlobalSection
	GlobalSection(ExtensibilityGlobals) = postSolution
		SolutionGuid = {40C2E835-476B-46D4-9F39-0B9D78083207}
	EndGlobalSection
EndGlobal
