
Microsoft Visual Studio Solution File, Format Version 12.00
# Visual Studio 15
VisualStudioVersion = 15.0.26730.15
MinimumVisualStudioVersion = 10.0.40219.1
Project("{8BC9CEB8-8B4A-11D0-8D11-00A0C91BC942}") = "Triangle", "Triangle\Triangle.vcxproj", "{5CF3D294-F641-49D5-B835-838843654F9C}"
EndProject
Global
	GlobalSection(SolutionConfigurationPlatforms) = preSolution
		Debug|x64 = Debug|x64
		Debug|x86 = Debug|x86
		Release|x64 = Release|x64
		Release|x86 = Release|x86
	EndGlobalSection
	GlobalSection(ProjectConfigurationPlatforms) = postSolution
		{5CF3D294-F641-49D5-B835-838843654F9C}.Debug|x64.ActiveCfg = Debug|x64
		{5CF3D294-F641-49D5-B835-838843654F9C}.Debug|x64.Build.0 = Debug|x64
		{5CF3D294-F641-49D5-B835-838843654F9C}.Debug|x86.ActiveCfg = Debug|Win32
		{5CF3D294-F641-49D5-B835-838843654F9C}.Debug|x86.Build.0 = Debug|Win32
		{5CF3D294-F641-49D5-B835-838843654F9C}.Release|x64.ActiveCfg = Release|x64
		{5CF3D294-F641-49D5-B835-838843654F9C}.Release|x64.Build.0 = Release|x64
		{5CF3D294-F641-49D5-B835-838843654F9C}.Release|x86.ActiveCfg = Release|Win32
		{5CF3D294-F641-49D5-B835-838843654F9C}.Release|x86.Build.0 = Release|Win32
	EndGlobalSection
	GlobalSection(SolutionProperties) = preSolution
		HideSolutionNode = FALSE
	EndGlobalSection
	GlobalSection(ExtensibilityGlobals) = postSolution
		SolutionGuid = {03766CDE-084B-4B7B-B6ED-9DAD3630BC17}
	EndGlobalSection
EndGlobal
