
Microsoft Visual Studio Solution File, Format Version 12.00
# Visual Studio 15
VisualStudioVersion = 15.0.26730.15
MinimumVisualStudioVersion = 10.0.40219.1
Project("{8BC9CEB8-8B4A-11D0-8D11-00A0C91BC942}") = "P0201", "P0201\P0201.vcxproj", "{567A7635-FE24-491D-80FE-046DACFA4C9B}"
EndProject
Project("{8BC9CEB8-8B4A-11D0-8D11-00A0C91BC942}") = "P0202", "P0202\P0202.vcxproj", "{6C14AB3D-92A2-4AF8-A04D-8F495AADBE68}"
EndProject
Project("{8BC9CEB8-8B4A-11D0-8D11-00A0C91BC942}") = "P0203", "P0203\P0203.vcxproj", "{5B117B21-8BEF-43C9-8A64-72527E93D289}"
EndProject
Project("{8BC9CEB8-8B4A-11D0-8D11-00A0C91BC942}") = "P0204", "P0204\P0204.vcxproj", "{B0EE801E-3E03-4F7D-9842-79F5EA981A8C}"
EndProject
Project("{8BC9CEB8-8B4A-11D0-8D11-00A0C91BC942}") = "P0205", "P0205\P0205.vcxproj", "{F64376DE-B7A7-4912-9458-681FA4695FC5}"
EndProject
Global
	GlobalSection(SolutionConfigurationPlatforms) = preSolution
		Debug|x64 = Debug|x64
		Debug|x86 = Debug|x86
		Release|x64 = Release|x64
		Release|x86 = Release|x86
	EndGlobalSection
	GlobalSection(ProjectConfigurationPlatforms) = postSolution
		{567A7635-FE24-491D-80FE-046DACFA4C9B}.Debug|x64.ActiveCfg = Debug|x64
		{567A7635-FE24-491D-80FE-046DACFA4C9B}.Debug|x64.Build.0 = Debug|x64
		{567A7635-FE24-491D-80FE-046DACFA4C9B}.Debug|x86.ActiveCfg = Debug|Win32
		{567A7635-FE24-491D-80FE-046DACFA4C9B}.Debug|x86.Build.0 = Debug|Win32
		{567A7635-FE24-491D-80FE-046DACFA4C9B}.Release|x64.ActiveCfg = Release|x64
		{567A7635-FE24-491D-80FE-046DACFA4C9B}.Release|x64.Build.0 = Release|x64
		{567A7635-FE24-491D-80FE-046DACFA4C9B}.Release|x86.ActiveCfg = Release|Win32
		{567A7635-FE24-491D-80FE-046DACFA4C9B}.Release|x86.Build.0 = Release|Win32
		{6C14AB3D-92A2-4AF8-A04D-8F495AADBE68}.Debug|x64.ActiveCfg = Debug|x64
		{6C14AB3D-92A2-4AF8-A04D-8F495AADBE68}.Debug|x64.Build.0 = Debug|x64
		{6C14AB3D-92A2-4AF8-A04D-8F495AADBE68}.Debug|x86.ActiveCfg = Debug|Win32
		{6C14AB3D-92A2-4AF8-A04D-8F495AADBE68}.Debug|x86.Build.0 = Debug|Win32
		{6C14AB3D-92A2-4AF8-A04D-8F495AADBE68}.Release|x64.ActiveCfg = Release|x64
		{6C14AB3D-92A2-4AF8-A04D-8F495AADBE68}.Release|x64.Build.0 = Release|x64
		{6C14AB3D-92A2-4AF8-A04D-8F495AADBE68}.Release|x86.ActiveCfg = Release|Win32
		{6C14AB3D-92A2-4AF8-A04D-8F495AADBE68}.Release|x86.Build.0 = Release|Win32
		{5B117B21-8BEF-43C9-8A64-72527E93D289}.Debug|x64.ActiveCfg = Debug|x64
		{5B117B21-8BEF-43C9-8A64-72527E93D289}.Debug|x64.Build.0 = Debug|x64
		{5B117B21-8BEF-43C9-8A64-72527E93D289}.Debug|x86.ActiveCfg = Debug|Win32
		{5B117B21-8BEF-43C9-8A64-72527E93D289}.Debug|x86.Build.0 = Debug|Win32
		{5B117B21-8BEF-43C9-8A64-72527E93D289}.Release|x64.ActiveCfg = Release|x64
		{5B117B21-8BEF-43C9-8A64-72527E93D289}.Release|x64.Build.0 = Release|x64
		{5B117B21-8BEF-43C9-8A64-72527E93D289}.Release|x86.ActiveCfg = Release|Win32
		{5B117B21-8BEF-43C9-8A64-72527E93D289}.Release|x86.Build.0 = Release|Win32
		{B0EE801E-3E03-4F7D-9842-79F5EA981A8C}.Debug|x64.ActiveCfg = Debug|x64
		{B0EE801E-3E03-4F7D-9842-79F5EA981A8C}.Debug|x64.Build.0 = Debug|x64
		{B0EE801E-3E03-4F7D-9842-79F5EA981A8C}.Debug|x86.ActiveCfg = Debug|Win32
		{B0EE801E-3E03-4F7D-9842-79F5EA981A8C}.Debug|x86.Build.0 = Debug|Win32
		{B0EE801E-3E03-4F7D-9842-79F5EA981A8C}.Release|x64.ActiveCfg = Release|x64
		{B0EE801E-3E03-4F7D-9842-79F5EA981A8C}.Release|x64.Build.0 = Release|x64
		{B0EE801E-3E03-4F7D-9842-79F5EA981A8C}.Release|x86.ActiveCfg = Release|Win32
		{B0EE801E-3E03-4F7D-9842-79F5EA981A8C}.Release|x86.Build.0 = Release|Win32
		{F64376DE-B7A7-4912-9458-681FA4695FC5}.Debug|x64.ActiveCfg = Debug|x64
		{F64376DE-B7A7-4912-9458-681FA4695FC5}.Debug|x64.Build.0 = Debug|x64
		{F64376DE-B7A7-4912-9458-681FA4695FC5}.Debug|x86.ActiveCfg = Debug|Win32
		{F64376DE-B7A7-4912-9458-681FA4695FC5}.Debug|x86.Build.0 = Debug|Win32
		{F64376DE-B7A7-4912-9458-681FA4695FC5}.Release|x64.ActiveCfg = Release|x64
		{F64376DE-B7A7-4912-9458-681FA4695FC5}.Release|x64.Build.0 = Release|x64
		{F64376DE-B7A7-4912-9458-681FA4695FC5}.Release|x86.ActiveCfg = Release|Win32
		{F64376DE-B7A7-4912-9458-681FA4695FC5}.Release|x86.Build.0 = Release|Win32
	EndGlobalSection
	GlobalSection(SolutionProperties) = preSolution
		HideSolutionNode = FALSE
	EndGlobalSection
	GlobalSection(ExtensibilityGlobals) = postSolution
		SolutionGuid = {80866DC2-4508-4205-9DF5-37750EF9A492}
	EndGlobalSection
EndGlobal
